
Microsoft Visual Studio Solution File, Format Version 12.00
# Visual Studio Version 16
VisualStudioVersion = 16.0.29613.14
MinimumVisualStudioVersion = 10.0.40219.1
Project("{FAE04EC0-301F-11D3-BF4B-00C04F79EFBC}") = "ConstellationWebApp", "ConstellationWebApp.csproj", "{23DA5C1A-0CB4-4C8D-927B-198A91BE9915}"
EndProject
Global
	GlobalSection(SolutionConfigurationPlatforms) = preSolution
		Debug|Any CPU = Debug|Any CPU
		Release|Any CPU = Release|Any CPU
	EndGlobalSection
	GlobalSection(ProjectConfigurationPlatforms) = postSolution
		{23DA5C1A-0CB4-4C8D-927B-198A91BE9915}.Debug|Any CPU.ActiveCfg = Debug|Any CPU
		{23DA5C1A-0CB4-4C8D-927B-198A91BE9915}.Debug|Any CPU.Build.0 = Debug|Any CPU
		{23DA5C1A-0CB4-4C8D-927B-198A91BE9915}.Release|Any CPU.ActiveCfg = Release|Any CPU
		{23DA5C1A-0CB4-4C8D-927B-198A91BE9915}.Release|Any CPU.Build.0 = Release|Any CPU
	EndGlobalSection
	GlobalSection(SolutionProperties) = preSolution
		HideSolutionNode = FALSE
	EndGlobalSection
	GlobalSection(ExtensibilityGlobals) = postSolution
		SolutionGuid = {C0B0B151-6EA8-473C-9853-ACFE995A7809}
	EndGlobalSection
EndGlobal
